// !$*UTF8*$!
{
	archiveVersion = 1;
	classes = {
	};
	objectVersion = 50;
	objects = {

/* Begin PBXBuildFile section */
		7E14226B2504207300DB5F3D /* BackgroundView.swift in Sources */ = {isa = PBXBuildFile; fileRef = 7E14226A2504207300DB5F3D /* BackgroundView.swift */; };
		7E25B2A925002B37009CA376 /* UIColor+ProjectColors.swift in Sources */ = {isa = PBXBuildFile; fileRef = 7E25B2A825002B37009CA376 /* UIColor+ProjectColors.swift */; };
		7EA52A2025001B7B0065CA3E /* AppDelegate.swift in Sources */ = {isa = PBXBuildFile; fileRef = 7EA52A1F25001B7B0065CA3E /* AppDelegate.swift */; };
		7EA52A2225001B7B0065CA3E /* SceneDelegate.swift in Sources */ = {isa = PBXBuildFile; fileRef = 7EA52A2125001B7B0065CA3E /* SceneDelegate.swift */; };
		7EA52A2425001B7B0065CA3E /* MainViewController.swift in Sources */ = {isa = PBXBuildFile; fileRef = 7EA52A2325001B7B0065CA3E /* MainViewController.swift */; };
		7EA52A2925001B7C0065CA3E /* Assets.xcassets in Resources */ = {isa = PBXBuildFile; fileRef = 7EA52A2825001B7C0065CA3E /* Assets.xcassets */; };
		7EA52A2C25001B7C0065CA3E /* LaunchScreen.storyboard in Resources */ = {isa = PBXBuildFile; fileRef = 7EA52A2A25001B7C0065CA3E /* LaunchScreen.storyboard */; };
		7EA52A3C250023110065CA3E /* MainInteractor.swift in Sources */ = {isa = PBXBuildFile; fileRef = 7EA52A3B250023110065CA3E /* MainInteractor.swift */; };
		7EA52A3E250023180065CA3E /* MainPresenter.swift in Sources */ = {isa = PBXBuildFile; fileRef = 7EA52A3D250023180065CA3E /* MainPresenter.swift */; };
		7EA52A40250023440065CA3E /* MainConfigurator.swift in Sources */ = {isa = PBXBuildFile; fileRef = 7EA52A3F250023440065CA3E /* MainConfigurator.swift */; };
		7EA52A422500234C0065CA3E /* MainRouter.swift in Sources */ = {isa = PBXBuildFile; fileRef = 7EA52A412500234C0065CA3E /* MainRouter.swift */; };
		7EA52A44250024260065CA3E /* MainProtocols.swift in Sources */ = {isa = PBXBuildFile; fileRef = 7EA52A43250024260065CA3E /* MainProtocols.swift */; };
/* End PBXBuildFile section */

/* Begin PBXFileReference section */
		7E14226A2504207300DB5F3D /* BackgroundView.swift */ = {isa = PBXFileReference; lastKnownFileType = sourcecode.swift; path = BackgroundView.swift; sourceTree = "<group>"; };
		7E25B2A825002B37009CA376 /* UIColor+ProjectColors.swift */ = {isa = PBXFileReference; lastKnownFileType = sourcecode.swift; path = "UIColor+ProjectColors.swift"; sourceTree = "<group>"; };
		7EA52A1C25001B7B0065CA3E /* most.bio.app */ = {isa = PBXFileReference; explicitFileType = wrapper.application; includeInIndex = 0; path = most.bio.app; sourceTree = BUILT_PRODUCTS_DIR; };
		7EA52A1F25001B7B0065CA3E /* AppDelegate.swift */ = {isa = PBXFileReference; lastKnownFileType = sourcecode.swift; path = AppDelegate.swift; sourceTree = "<group>"; };
		7EA52A2125001B7B0065CA3E /* SceneDelegate.swift */ = {isa = PBXFileReference; lastKnownFileType = sourcecode.swift; path = SceneDelegate.swift; sourceTree = "<group>"; };
		7EA52A2325001B7B0065CA3E /* MainViewController.swift */ = {isa = PBXFileReference; lastKnownFileType = sourcecode.swift; path = MainViewController.swift; sourceTree = "<group>"; };
		7EA52A2825001B7C0065CA3E /* Assets.xcassets */ = {isa = PBXFileReference; lastKnownFileType = folder.assetcatalog; path = Assets.xcassets; sourceTree = "<group>"; };
		7EA52A2B25001B7C0065CA3E /* Base */ = {isa = PBXFileReference; lastKnownFileType = file.storyboard; name = Base; path = Base.lproj/LaunchScreen.storyboard; sourceTree = "<group>"; };
		7EA52A2D25001B7C0065CA3E /* Info.plist */ = {isa = PBXFileReference; lastKnownFileType = text.plist.xml; name = Info.plist; path = most.bio/App/Info.plist; sourceTree = SOURCE_ROOT; };
		7EA52A3B250023110065CA3E /* MainInteractor.swift */ = {isa = PBXFileReference; lastKnownFileType = sourcecode.swift; path = MainInteractor.swift; sourceTree = "<group>"; };
		7EA52A3D250023180065CA3E /* MainPresenter.swift */ = {isa = PBXFileReference; lastKnownFileType = sourcecode.swift; path = MainPresenter.swift; sourceTree = "<group>"; };
		7EA52A3F250023440065CA3E /* MainConfigurator.swift */ = {isa = PBXFileReference; lastKnownFileType = sourcecode.swift; path = MainConfigurator.swift; sourceTree = "<group>"; };
		7EA52A412500234C0065CA3E /* MainRouter.swift */ = {isa = PBXFileReference; lastKnownFileType = sourcecode.swift; path = MainRouter.swift; sourceTree = "<group>"; };
		7EA52A43250024260065CA3E /* MainProtocols.swift */ = {isa = PBXFileReference; lastKnownFileType = sourcecode.swift; path = MainProtocols.swift; sourceTree = "<group>"; };
/* End PBXFileReference section */

/* Begin PBXFrameworksBuildPhase section */
		7EA52A1925001B7B0065CA3E /* Frameworks */ = {
			isa = PBXFrameworksBuildPhase;
			buildActionMask = 2147483647;
			files = (
			);
			runOnlyForDeploymentPostprocessing = 0;
		};
/* End PBXFrameworksBuildPhase section */

/* Begin PBXGroup section */
		7E1422692504205C00DB5F3D /* Support View */ = {
			isa = PBXGroup;
			children = (
				7E14226A2504207300DB5F3D /* BackgroundView.swift */,
			);
			path = "Support View";
			sourceTree = "<group>";
		};
		7E25B2A52500290C009CA376 /* Services */ = {
			isa = PBXGroup;
			children = (
			);
			path = Services;
			sourceTree = "<group>";
		};
		7E25B2A62500292E009CA376 /* Entities */ = {
			isa = PBXGroup;
			children = (
			);
			path = Entities;
			sourceTree = "<group>";
		};
		7E25B2A725002B0A009CA376 /* UIKit extensions */ = {
			isa = PBXGroup;
			children = (
				7E25B2A825002B37009CA376 /* UIColor+ProjectColors.swift */,
			);
			path = "UIKit extensions";
			sourceTree = "<group>";
		};
		7EA52A1325001B7B0065CA3E = {
			isa = PBXGroup;
			children = (
				7EA52A1E25001B7B0065CA3E /* most.bio */,
				7EA52A1D25001B7B0065CA3E /* Products */,
			);
			sourceTree = "<group>";
		};
		7EA52A1D25001B7B0065CA3E /* Products */ = {
			isa = PBXGroup;
			children = (
				7EA52A1C25001B7B0065CA3E /* most.bio.app */,
			);
			name = Products;
			sourceTree = "<group>";
		};
		7EA52A1E25001B7B0065CA3E /* most.bio */ = {
			isa = PBXGroup;
			children = (
				7EA52A3325001B910065CA3E /* App */,
				7E25B2A62500292E009CA376 /* Entities */,
				7EA52A35250021910065CA3E /* Modules */,
				7EA52A3425001E8D0065CA3E /* Resources */,
				7E25B2A52500290C009CA376 /* Services */,
			);
			path = most.bio;
			sourceTree = "<group>";
		};
		7EA52A3325001B910065CA3E /* App */ = {
			isa = PBXGroup;
			children = (
				7E1422692504205C00DB5F3D /* Support View */,
				7E25B2A725002B0A009CA376 /* UIKit extensions */,
				7EA52A1F25001B7B0065CA3E /* AppDelegate.swift */,
				7EA52A2125001B7B0065CA3E /* SceneDelegate.swift */,
				7EA52A2D25001B7C0065CA3E /* Info.plist */,
			);
			path = App;
			sourceTree = "<group>";
		};
		7EA52A3425001E8D0065CA3E /* Resources */ = {
			isa = PBXGroup;
			children = (
				7EA52A2825001B7C0065CA3E /* Assets.xcassets */,
				7EA52A2A25001B7C0065CA3E /* LaunchScreen.storyboard */,
			);
			path = Resources;
			sourceTree = "<group>";
		};
		7EA52A35250021910065CA3E /* Modules */ = {
			isa = PBXGroup;
			children = (
				7EA52A3A250021E90065CA3E /* Tabs */,
				7EA52A36250021AC0065CA3E /* Main module */,
			);
			path = Modules;
			sourceTree = "<group>";
		};
		7EA52A36250021AC0065CA3E /* Main module */ = {
			isa = PBXGroup;
			children = (
				7EA52A2325001B7B0065CA3E /* MainViewController.swift */,
				7EA52A3B250023110065CA3E /* MainInteractor.swift */,
				7EA52A3D250023180065CA3E /* MainPresenter.swift */,
				7EA52A3F250023440065CA3E /* MainConfigurator.swift */,
				7EA52A412500234C0065CA3E /* MainRouter.swift */,
				7EA52A43250024260065CA3E /* MainProtocols.swift */,
			);
			path = "Main module";
			sourceTree = "<group>";
		};
		7EA52A37250021B70065CA3E /* Samples module */ = {
			isa = PBXGroup;
			children = (
			);
			path = "Samples module";
			sourceTree = "<group>";
		};
		7EA52A38250021D50065CA3E /* Settings module */ = {
			isa = PBXGroup;
			children = (
			);
			path = "Settings module";
			sourceTree = "<group>";
		};
		7EA52A39250021DB0065CA3E /* Documentation module */ = {
			isa = PBXGroup;
			children = (
			);
			path = "Documentation module";
			sourceTree = "<group>";
		};
		7EA52A3A250021E90065CA3E /* Tabs */ = {
			isa = PBXGroup;
			children = (
				7EA52A37250021B70065CA3E /* Samples module */,
				7EA52A39250021DB0065CA3E /* Documentation module */,
				7EA52A38250021D50065CA3E /* Settings module */,
			);
			path = Tabs;
			sourceTree = "<group>";
		};
/* End PBXGroup section */

/* Begin PBXNativeTarget section */
		7EA52A1B25001B7B0065CA3E /* most.bio */ = {
			isa = PBXNativeTarget;
			buildConfigurationList = 7EA52A3025001B7C0065CA3E /* Build configuration list for PBXNativeTarget "most.bio" */;
			buildPhases = (
				7EA52A1825001B7B0065CA3E /* Sources */,
				7EA52A1925001B7B0065CA3E /* Frameworks */,
				7EA52A1A25001B7B0065CA3E /* Resources */,
			);
			buildRules = (
			);
			dependencies = (
			);
			name = most.bio;
			productName = most.bio;
			productReference = 7EA52A1C25001B7B0065CA3E /* most.bio.app */;
			productType = "com.apple.product-type.application";
		};
/* End PBXNativeTarget section */

/* Begin PBXProject section */
		7EA52A1425001B7B0065CA3E /* Project object */ = {
			isa = PBXProject;
			attributes = {
				LastSwiftUpdateCheck = 1160;
				LastUpgradeCheck = 1160;
				ORGANIZATIONNAME = "Kirill Varshamov";
				TargetAttributes = {
					7EA52A1B25001B7B0065CA3E = {
						CreatedOnToolsVersion = 11.6;
					};
				};
			};
			buildConfigurationList = 7EA52A1725001B7B0065CA3E /* Build configuration list for PBXProject "most.bio" */;
			compatibilityVersion = "Xcode 9.3";
			developmentRegion = en;
			hasScannedForEncodings = 0;
			knownRegions = (
				en,
				Base,
			);
			mainGroup = 7EA52A1325001B7B0065CA3E;
			productRefGroup = 7EA52A1D25001B7B0065CA3E /* Products */;
			projectDirPath = "";
			projectRoot = "";
			targets = (
				7EA52A1B25001B7B0065CA3E /* most.bio */,
			);
		};
/* End PBXProject section */

/* Begin PBXResourcesBuildPhase section */
		7EA52A1A25001B7B0065CA3E /* Resources */ = {
			isa = PBXResourcesBuildPhase;
			buildActionMask = 2147483647;
			files = (
				7EA52A2C25001B7C0065CA3E /* LaunchScreen.storyboard in Resources */,
				7EA52A2925001B7C0065CA3E /* Assets.xcassets in Resources */,
			);
			runOnlyForDeploymentPostprocessing = 0;
		};
/* End PBXResourcesBuildPhase section */

/* Begin PBXSourcesBuildPhase section */
		7EA52A1825001B7B0065CA3E /* Sources */ = {
			isa = PBXSourcesBuildPhase;
			buildActionMask = 2147483647;
			files = (
				7E14226B2504207300DB5F3D /* BackgroundView.swift in Sources */,
				7E25B2A925002B37009CA376 /* UIColor+ProjectColors.swift in Sources */,
				7EA52A44250024260065CA3E /* MainProtocols.swift in Sources */,
				7EA52A3E250023180065CA3E /* MainPresenter.swift in Sources */,
				7EA52A422500234C0065CA3E /* MainRouter.swift in Sources */,
				7EA52A2425001B7B0065CA3E /* MainViewController.swift in Sources */,
				7EA52A2025001B7B0065CA3E /* AppDelegate.swift in Sources */,
				7EA52A2225001B7B0065CA3E /* SceneDelegate.swift in Sources */,
				7EA52A3C250023110065CA3E /* MainInteractor.swift in Sources */,
				7EA52A40250023440065CA3E /* MainConfigurator.swift in Sources */,
			);
			runOnlyForDeploymentPostprocessing = 0;
		};
/* End PBXSourcesBuildPhase section */

/* Begin PBXVariantGroup section */
		7EA52A2A25001B7C0065CA3E /* LaunchScreen.storyboard */ = {
			isa = PBXVariantGroup;
			children = (
				7EA52A2B25001B7C0065CA3E /* Base */,
			);
			name = LaunchScreen.storyboard;
			sourceTree = "<group>";
		};
/* End PBXVariantGroup section */

/* Begin XCBuildConfiguration section */
		7EA52A2E25001B7C0065CA3E /* Debug */ = {
			isa = XCBuildConfiguration;
			buildSettings = {
				ALWAYS_SEARCH_USER_PATHS = NO;
				CLANG_ANALYZER_NONNULL = YES;
				CLANG_ANALYZER_NUMBER_OBJECT_CONVERSION = YES_AGGRESSIVE;
				CLANG_CXX_LANGUAGE_STANDARD = "gnu++14";
				CLANG_CXX_LIBRARY = "libc++";
				CLANG_ENABLE_MODULES = YES;
				CLANG_ENABLE_OBJC_ARC = YES;
				CLANG_ENABLE_OBJC_WEAK = YES;
				CLANG_WARN_BLOCK_CAPTURE_AUTORELEASING = YES;
				CLANG_WARN_BOOL_CONVERSION = YES;
				CLANG_WARN_COMMA = YES;
				CLANG_WARN_CONSTANT_CONVERSION = YES;
				CLANG_WARN_DEPRECATED_OBJC_IMPLEMENTATIONS = YES;
				CLANG_WARN_DIRECT_OBJC_ISA_USAGE = YES_ERROR;
				CLANG_WARN_DOCUMENTATION_COMMENTS = YES;
				CLANG_WARN_EMPTY_BODY = YES;
				CLANG_WARN_ENUM_CONVERSION = YES;
				CLANG_WARN_INFINITE_RECURSION = YES;
				CLANG_WARN_INT_CONVERSION = YES;
				CLANG_WARN_NON_LITERAL_NULL_CONVERSION = YES;
				CLANG_WARN_OBJC_IMPLICIT_RETAIN_SELF = YES;
				CLANG_WARN_OBJC_LITERAL_CONVERSION = YES;
				CLANG_WARN_OBJC_ROOT_CLASS = YES_ERROR;
				CLANG_WARN_RANGE_LOOP_ANALYSIS = YES;
				CLANG_WARN_STRICT_PROTOTYPES = YES;
				CLANG_WARN_SUSPICIOUS_MOVE = YES;
				CLANG_WARN_UNGUARDED_AVAILABILITY = YES_AGGRESSIVE;
				CLANG_WARN_UNREACHABLE_CODE = YES;
				CLANG_WARN__DUPLICATE_METHOD_MATCH = YES;
				COPY_PHASE_STRIP = NO;
				DEBUG_INFORMATION_FORMAT = dwarf;
				ENABLE_STRICT_OBJC_MSGSEND = YES;
				ENABLE_TESTABILITY = YES;
				GCC_C_LANGUAGE_STANDARD = gnu11;
				GCC_DYNAMIC_NO_PIC = NO;
				GCC_NO_COMMON_BLOCKS = YES;
				GCC_OPTIMIZATION_LEVEL = 0;
				GCC_PREPROCESSOR_DEFINITIONS = (
					"DEBUG=1",
					"$(inherited)",
				);
				GCC_WARN_64_TO_32_BIT_CONVERSION = YES;
				GCC_WARN_ABOUT_RETURN_TYPE = YES_ERROR;
				GCC_WARN_UNDECLARED_SELECTOR = YES;
				GCC_WARN_UNINITIALIZED_AUTOS = YES_AGGRESSIVE;
				GCC_WARN_UNUSED_FUNCTION = YES;
				GCC_WARN_UNUSED_VARIABLE = YES;
				IPHONEOS_DEPLOYMENT_TARGET = 13.6;
				MTL_ENABLE_DEBUG_INFO = INCLUDE_SOURCE;
				MTL_FAST_MATH = YES;
				ONLY_ACTIVE_ARCH = YES;
				SDKROOT = iphoneos;
				SWIFT_ACTIVE_COMPILATION_CONDITIONS = DEBUG;
				SWIFT_OPTIMIZATION_LEVEL = "-Onone";
			};
			name = Debug;
		};
		7EA52A2F25001B7C0065CA3E /* Release */ = {
			isa = XCBuildConfiguration;
			buildSettings = {
				ALWAYS_SEARCH_USER_PATHS = NO;
				CLANG_ANALYZER_NONNULL = YES;
				CLANG_ANALYZER_NUMBER_OBJECT_CONVERSION = YES_AGGRESSIVE;
				CLANG_CXX_LANGUAGE_STANDARD = "gnu++14";
				CLANG_CXX_LIBRARY = "libc++";
				CLANG_ENABLE_MODULES = YES;
				CLANG_ENABLE_OBJC_ARC = YES;
				CLANG_ENABLE_OBJC_WEAK = YES;
				CLANG_WARN_BLOCK_CAPTURE_AUTORELEASING = YES;
				CLANG_WARN_BOOL_CONVERSION = YES;
				CLANG_WARN_COMMA = YES;
				CLANG_WARN_CONSTANT_CONVERSION = YES;
				CLANG_WARN_DEPRECATED_OBJC_IMPLEMENTATIONS = YES;
				CLANG_WARN_DIRECT_OBJC_ISA_USAGE = YES_ERROR;
				CLANG_WARN_DOCUMENTATION_COMMENTS = YES;
				CLANG_WARN_EMPTY_BODY = YES;
				CLANG_WARN_ENUM_CONVERSION = YES;
				CLANG_WARN_INFINITE_RECURSION = YES;
				CLANG_WARN_INT_CONVERSION = YES;
				CLANG_WARN_NON_LITERAL_NULL_CONVERSION = YES;
				CLANG_WARN_OBJC_IMPLICIT_RETAIN_SELF = YES;
				CLANG_WARN_OBJC_LITERAL_CONVERSION = YES;
				CLANG_WARN_OBJC_ROOT_CLASS = YES_ERROR;
				CLANG_WARN_RANGE_LOOP_ANALYSIS = YES;
				CLANG_WARN_STRICT_PROTOTYPES = YES;
				CLANG_WARN_SUSPICIOUS_MOVE = YES;
				CLANG_WARN_UNGUARDED_AVAILABILITY = YES_AGGRESSIVE;
				CLANG_WARN_UNREACHABLE_CODE = YES;
				CLANG_WARN__DUPLICATE_METHOD_MATCH = YES;
				COPY_PHASE_STRIP = NO;
				DEBUG_INFORMATION_FORMAT = "dwarf-with-dsym";
				ENABLE_NS_ASSERTIONS = NO;
				ENABLE_STRICT_OBJC_MSGSEND = YES;
				GCC_C_LANGUAGE_STANDARD = gnu11;
				GCC_NO_COMMON_BLOCKS = YES;
				GCC_WARN_64_TO_32_BIT_CONVERSION = YES;
				GCC_WARN_ABOUT_RETURN_TYPE = YES_ERROR;
				GCC_WARN_UNDECLARED_SELECTOR = YES;
				GCC_WARN_UNINITIALIZED_AUTOS = YES_AGGRESSIVE;
				GCC_WARN_UNUSED_FUNCTION = YES;
				GCC_WARN_UNUSED_VARIABLE = YES;
				IPHONEOS_DEPLOYMENT_TARGET = 13.6;
				MTL_ENABLE_DEBUG_INFO = NO;
				MTL_FAST_MATH = YES;
				SDKROOT = iphoneos;
				SWIFT_COMPILATION_MODE = wholemodule;
				SWIFT_OPTIMIZATION_LEVEL = "-O";
				VALIDATE_PRODUCT = YES;
			};
			name = Release;
		};
		7EA52A3125001B7C0065CA3E /* Debug */ = {
			isa = XCBuildConfiguration;
			buildSettings = {
				ASSETCATALOG_COMPILER_APPICON_NAME = AppIcon;
				CODE_SIGN_STYLE = Automatic;
				DEVELOPMENT_TEAM = 82CJ7XMF7V;
				INFOPLIST_FILE = most.bio/App/Info.plist;
				LD_RUNPATH_SEARCH_PATHS = (
					"$(inherited)",
					"@executable_path/Frameworks",
				);
				PRODUCT_BUNDLE_IDENTIFIER = "Kaviro.most-bio";
				PRODUCT_NAME = "$(TARGET_NAME)";
				SWIFT_VERSION = 5.0;
				TARGETED_DEVICE_FAMILY = "1,2";
			};
			name = Debug;
		};
		7EA52A3225001B7C0065CA3E /* Release */ = {
			isa = XCBuildConfiguration;
			buildSettings = {
				ASSETCATALOG_COMPILER_APPICON_NAME = AppIcon;
				CODE_SIGN_STYLE = Automatic;
				DEVELOPMENT_TEAM = 82CJ7XMF7V;
				INFOPLIST_FILE = most.bio/App/Info.plist;
				LD_RUNPATH_SEARCH_PATHS = (
					"$(inherited)",
					"@executable_path/Frameworks",
				);
				PRODUCT_BUNDLE_IDENTIFIER = "Kaviro.most-bio";
				PRODUCT_NAME = "$(TARGET_NAME)";
				SWIFT_VERSION = 5.0;
				TARGETED_DEVICE_FAMILY = "1,2";
			};
			name = Release;
		};
/* End XCBuildConfiguration section */

/* Begin XCConfigurationList section */
		7EA52A1725001B7B0065CA3E /* Build configuration list for PBXProject "most.bio" */ = {
			isa = XCConfigurationList;
			buildConfigurations = (
				7EA52A2E25001B7C0065CA3E /* Debug */,
				7EA52A2F25001B7C0065CA3E /* Release */,
			);
			defaultConfigurationIsVisible = 0;
			defaultConfigurationName = Release;
		};
		7EA52A3025001B7C0065CA3E /* Build configuration list for PBXNativeTarget "most.bio" */ = {
			isa = XCConfigurationList;
			buildConfigurations = (
				7EA52A3125001B7C0065CA3E /* Debug */,
				7EA52A3225001B7C0065CA3E /* Release */,
			);
			defaultConfigurationIsVisible = 0;
			defaultConfigurationName = Release;
		};
/* End XCConfigurationList section */
	};
	rootObject = 7EA52A1425001B7B0065CA3E /* Project object */;
}
